
Microsoft Visual Studio Solution File, Format Version 12.00
# Visual Studio Version 16
VisualStudioVersion = 16.0.29519.181
MinimumVisualStudioVersion = 10.0.40219.1
Project("{FAE04EC0-301F-11D3-BF4B-00C04F79EFBC}") = "CRUDWebAPI", "CRUDWebAPI\CRUDWebAPI.csproj", "{65BBDDB9-C4FF-45CA-82CE-726E6CA7FFED}"
EndProject
Project("{FAE04EC0-301F-11D3-BF4B-00C04F79EFBC}") = "CRUDWebAPI.Tests", "CRUDWebAPI.Tests\CRUDWebAPI.Tests.csproj", "{3BCDC753-E579-424A-B878-E48A5B2C1EAA}"
EndProject
Global
	GlobalSection(SolutionConfigurationPlatforms) = preSolution
		Debug|Any CPU = Debug|Any CPU
		Release|Any CPU = Release|Any CPU
	EndGlobalSection
	GlobalSection(ProjectConfigurationPlatforms) = postSolution
		{65BBDDB9-C4FF-45CA-82CE-726E6CA7FFED}.Debug|Any CPU.ActiveCfg = Debug|Any CPU
		{65BBDDB9-C4FF-45CA-82CE-726E6CA7FFED}.Debug|Any CPU.Build.0 = Debug|Any CPU
		{65BBDDB9-C4FF-45CA-82CE-726E6CA7FFED}.Release|Any CPU.ActiveCfg = Release|Any CPU
		{65BBDDB9-C4FF-45CA-82CE-726E6CA7FFED}.Release|Any CPU.Build.0 = Release|Any CPU
		{3BCDC753-E579-424A-B878-E48A5B2C1EAA}.Debug|Any CPU.ActiveCfg = Debug|Any CPU
		{3BCDC753-E579-424A-B878-E48A5B2C1EAA}.Debug|Any CPU.Build.0 = Debug|Any CPU
		{3BCDC753-E579-424A-B878-E48A5B2C1EAA}.Release|Any CPU.ActiveCfg = Release|Any CPU
		{3BCDC753-E579-424A-B878-E48A5B2C1EAA}.Release|Any CPU.Build.0 = Release|Any CPU
	EndGlobalSection
	GlobalSection(SolutionProperties) = preSolution
		HideSolutionNode = FALSE
	EndGlobalSection
	GlobalSection(ExtensibilityGlobals) = postSolution
		SolutionGuid = {2F721A96-2628-4AE1-AF71-5275A3DDE080}
	EndGlobalSection
EndGlobal
